
Microsoft Visual Studio Solution File, Format Version 12.00
# Visual Studio Version 16
VisualStudioVersion = 16.0.31624.102
MinimumVisualStudioVersion = 10.0.40219.1
Project("{FAE04EC0-301F-11D3-BF4B-00C04F79EFBC}") = "GrossPayCalculator", "GrossPayCalculator.csproj", "{94FC4B59-7BEE-43B1-AEAF-EBB3F1C7CFCE}"
EndProject
Global
	GlobalSection(SolutionConfigurationPlatforms) = preSolution
		Debug|Any CPU = Debug|Any CPU
		Release|Any CPU = Release|Any CPU
	EndGlobalSection
	GlobalSection(ProjectConfigurationPlatforms) = postSolution
		{94FC4B59-7BEE-43B1-AEAF-EBB3F1C7CFCE}.Debug|Any CPU.ActiveCfg = Debug|Any CPU
		{94FC4B59-7BEE-43B1-AEAF-EBB3F1C7CFCE}.Debug|Any CPU.Build.0 = Debug|Any CPU
		{94FC4B59-7BEE-43B1-AEAF-EBB3F1C7CFCE}.Release|Any CPU.ActiveCfg = Release|Any CPU
		{94FC4B59-7BEE-43B1-AEAF-EBB3F1C7CFCE}.Release|Any CPU.Build.0 = Release|Any CPU
	EndGlobalSection
	GlobalSection(SolutionProperties) = preSolution
		HideSolutionNode = FALSE
	EndGlobalSection
	GlobalSection(ExtensibilityGlobals) = postSolution
		SolutionGuid = {5B4FE783-7F0A-40F5-8A72-0BED4A1FC9F3}
	EndGlobalSection
EndGlobal
